
Microsoft Visual Studio Solution File, Format Version 12.00
# Visual Studio Version 16
VisualStudioVersion = 16.0.30413.136
MinimumVisualStudioVersion = 10.0.40219.1
Project("{FAE04EC0-301F-11D3-BF4B-00C04F79EFBC}") = "CountryWebApis", "CountryWebApis\CountryWebApis.csproj", "{D970B18C-CC01-4CF8-832B-9517D58DB4C6}"
EndProject
Global
	GlobalSection(SolutionConfigurationPlatforms) = preSolution
		Debug|Any CPU = Debug|Any CPU
		Release|Any CPU = Release|Any CPU
	EndGlobalSection
	GlobalSection(ProjectConfigurationPlatforms) = postSolution
		{D970B18C-CC01-4CF8-832B-9517D58DB4C6}.Debug|Any CPU.ActiveCfg = Debug|Any CPU
		{D970B18C-CC01-4CF8-832B-9517D58DB4C6}.Debug|Any CPU.Build.0 = Debug|Any CPU
		{D970B18C-CC01-4CF8-832B-9517D58DB4C6}.Release|Any CPU.ActiveCfg = Release|Any CPU
		{D970B18C-CC01-4CF8-832B-9517D58DB4C6}.Release|Any CPU.Build.0 = Release|Any CPU
	EndGlobalSection
	GlobalSection(SolutionProperties) = preSolution
		HideSolutionNode = FALSE
	EndGlobalSection
	GlobalSection(ExtensibilityGlobals) = postSolution
		SolutionGuid = {D71FA43C-A0FC-4ADB-9433-D92BDE0E6FC9}
	EndGlobalSection
EndGlobal
